# This file was autogenerated by Stack.
# You should not edit this file by hand.
# For more information, please see the documentation at:
#   https://docs.haskellstack.org/en/stable/topics/lock_files

packages:
- completed:
    commit: 54db94d36a71614c6d077b8c14b0be63abd66acf
    git: https://github.com/purebred-mua/purebred-email
    name: purebred-email
    pantry-tree:
      sha256: f66db373e3a4f6b10c7cad9168c1efe2806a4c273583cdf2b9ef021b5835a10b
      size: 2889
    version: 0.6.0.2
  original:
    commit: 54db94d36a71614c6d077b8c14b0be63abd66acf
    git: https://github.com/purebred-mua/purebred-email
- completed:
    commit: 8840e025f34469efd930f461a39a8d7177660626
    git: https://github.com/talanis85/disguise.git
    name: disguise
    pantry-tree:
      sha256: 1ba641440ab5a61982c6a2952501ede1039aee90bc5a2f4dcb2db68a98bd502e
      size: 514
    version: 0.1.0.0
  original:
    commit: 8840e025f34469efd930f461a39a8d7177660626
    git: https://github.com/talanis85/disguise.git
- completed:
    commit: 53f8ec5d7b0c358dd595218dc2dca98da4579e05
    git: https://github.com/talanis85/disguise-gtk.git
    name: disguise-gtk
    pantry-tree:
      sha256: 96e01cc8359aa9b680a4c501bc68f05021c2063a51e50f01bb13aab60153b345
      size: 1131
    version: 0.1.0.0
  original:
    commit: 53f8ec5d7b0c358dd595218dc2dca98da4579e05
    git: https://github.com/talanis85/disguise-gtk.git
- completed:
    hackage: wl-pprint-1.2.1@sha256:aea676cff4a062d7d912149d270e33f5bb0c01b68a9db46ff13b438141ff4b7c,734
    pantry-tree:
      sha256: 750b375c6fc33400551f9e32e26e41844c372270a9bc3571e912fa36df7c6d4f
      size: 221
  original:
    hackage: wl-pprint-1.2.1
snapshots:
- completed:
    sha256: 238fa745b64f91184f9aa518fe04bdde6552533d169b0da5256670df83a0f1a9
    size: 721141
    url: https://raw.githubusercontent.com/commercialhaskell/stackage-snapshots/master/lts/22/44.yaml
  original: lts-22.44
