# This file was autogenerated by Stack.
# You should not edit this file by hand.
# For more information, please see the documentation at:
#   https://docs.haskellstack.org/en/stable/lock_files

packages:
- completed:
    commit: 8840e025f34469efd930f461a39a8d7177660626
    git: https://github.com/talanis85/disguise.git
    name: disguise
    pantry-tree:
      sha256: 1ba641440ab5a61982c6a2952501ede1039aee90bc5a2f4dcb2db68a98bd502e
      size: 514
    version: 0.1.0.0
  original:
    commit: 8840e025f34469efd930f461a39a8d7177660626
    git: https://github.com/talanis85/disguise.git
- completed:
    commit: 7d16df0c9f830accc28374455c6897f57e50df95
    git: https://github.com/talanis85/disguise-gtk.git
    name: disguise-gtk
    pantry-tree:
      sha256: b16427b1298374ae4a4eda786cd2ade48273d7a96886312f8e874cefbfa64bdd
      size: 1131
    version: 0.1.0.0
  original:
    commit: 7d16df0c9f830accc28374455c6897f57e50df95
    git: https://github.com/talanis85/disguise-gtk.git
- completed:
    hackage: concise-0.1.0.1@sha256:dc06988ec217a6c925b0f708f6ebe6461cd77ac91ff5c4a5b522c99ce5b3400e,1392
    pantry-tree:
      sha256: 2b19565391daa5636a61f15cbcc010f396a2ceaf85e915f0f3d50c31e8eaa6d1
      size: 326
  original:
    hackage: concise-0.1.0.1
- completed:
    hackage: wl-pprint-1.2.1@sha256:aea676cff4a062d7d912149d270e33f5bb0c01b68a9db46ff13b438141ff4b7c,734
    pantry-tree:
      sha256: 750b375c6fc33400551f9e32e26e41844c372270a9bc3571e912fa36df7c6d4f
      size: 221
  original:
    hackage: wl-pprint-1.2.1
- completed:
    hackage: cairo-0.13.8.1@sha256:1938aaeb5d3504678d995774dfe870f6b66cbd43d336b692fa8779b23b2b67a9,4075
    pantry-tree:
      sha256: 8f6344da4c578a4dd3a49c333e2158b695bfae32a74d34a76bbc6e531b70c95c
      size: 2830
  original:
    hackage: cairo-0.13.8.1
- completed:
    hackage: gio-0.13.8.1@sha256:7404841eefdfffb50c2b5f63879ffe4bf40fb5ddf90a7f633494eca0e23150a5,3136
    pantry-tree:
      sha256: aaaf68e5b95f7ac53e60e55552bb0919597bd4002ebdf45fbd580cbc1c71f487
      size: 2036
  original:
    hackage: gio-0.13.8.1
- completed:
    hackage: glib-0.13.8.1@sha256:42670daf0c85309281e08ba8559df75daa2e3be642e79fdfa781bef5e59658b0,3156
    pantry-tree:
      sha256: 1167575db8823b7a9f5fbaebdbc0ea5cef54301e442754ec256ba9371bd388e7
      size: 1625
  original:
    hackage: glib-0.13.8.1
- completed:
    hackage: gtk2hs-buildtools-0.13.8.0@sha256:132f38155fc677430a47ea750918973161c876fb6f281d342ac2f07eb99229ce,5238
    pantry-tree:
      sha256: 4552e3c0f2ef0f16285c38898d7e2b6aeea67d4e37cd203b0c82f70592096c45
      size: 3588
  original:
    hackage: gtk2hs-buildtools-0.13.8.0
- completed:
    hackage: gtk3-0.15.5@sha256:e036fe5df496fbefff9e1bc029358ba198b4b73bb4677d3f58e59ee6ec03766a,19511
    pantry-tree:
      sha256: 1b7740c0cfc23f0c74bd3bdfc5b5a7fe9699a37e27f0c6ccde0ae7e83d513aa6
      size: 21251
  original:
    hackage: gtk3-0.15.5
- completed:
    hackage: pango-0.13.8.1@sha256:877b121c0bf87c96d3619effae6751ecfd74b7f7f3227cf3fde012597aed5ed9,3917
    pantry-tree:
      sha256: eec456a3d16f1a9305196a86a7c49a6f2cfe1b041a50b02059dc4898a07a3bd9
      size: 1506
  original:
    hackage: pango-0.13.8.1
snapshots:
- completed:
    sha256: 637fb77049b25560622a224845b7acfe81a09fdb6a96a3c75997a10b651667f6
    size: 534126
    url: https://raw.githubusercontent.com/commercialhaskell/stackage-snapshots/master/lts/16/31.yaml
  original: lts-16.31
